// !$*UTF8*$!
{
	archiveVersion = 1;
	classes = {
	};
	objectVersion = 46;
	objects = {

/* Begin PBXBuildFile section */
		44406D2F1F622915004B2559 /* AppDelegate.swift in Sources */ = {isa = PBXBuildFile; fileRef = 44406D2E1F622915004B2559 /* AppDelegate.swift */; };
		44406D311F622915004B2559 /* ViewController.swift in Sources */ = {isa = PBXBuildFile; fileRef = 44406D301F622915004B2559 /* ViewController.swift */; };
		44406D341F622915004B2559 /* Main.storyboard in Resources */ = {isa = PBXBuildFile; fileRef = 44406D321F622915004B2559 /* Main.storyboard */; };
		44406D361F622915004B2559 /* Assets.xcassets in Resources */ = {isa = PBXBuildFile; fileRef = 44406D351F622915004B2559 /* Assets.xcassets */; };
		44406D391F622915004B2559 /* LaunchScreen.storyboard in Resources */ = {isa = PBXBuildFile; fileRef = 44406D371F622915004B2559 /* LaunchScreen.storyboard */; };
		44406D441F622915004B2559 /* InstagramCloneUITests.swift in Sources */ = {isa = PBXBuildFile; fileRef = 44406D431F622915004B2559 /* InstagramCloneUITests.swift */; };
/* End PBXBuildFile section */

/* Begin PBXContainerItemProxy section */
		44406D401F622915004B2559 /* PBXContainerItemProxy */ = {
			isa = PBXContainerItemProxy;
			containerPortal = 44406D231F622915004B2559 /* Project object */;
			proxyType = 1;
			remoteGlobalIDString = 44406D2A1F622915004B2559;
			remoteInfo = InstagramClone;
		};
/* End PBXContainerItemProxy section */

/* Begin PBXFileReference section */
		44406D2B1F622915004B2559 /* InstagramClone.app */ = {isa = PBXFileReference; explicitFileType = wrapper.application; includeInIndex = 0; path = InstagramClone.app; sourceTree = BUILT_PRODUCTS_DIR; };
		44406D2E1F622915004B2559 /* AppDelegate.swift */ = {isa = PBXFileReference; lastKnownFileType = sourcecode.swift; path = AppDelegate.swift; sourceTree = "<group>"; };
		44406D301F622915004B2559 /* ViewController.swift */ = {isa = PBXFileReference; lastKnownFileType = sourcecode.swift; path = ViewController.swift; sourceTree = "<group>"; };
		44406D331F622915004B2559 /* Base */ = {isa = PBXFileReference; lastKnownFileType = file.storyboard; name = Base; path = Base.lproj/Main.storyboard; sourceTree = "<group>"; };
		44406D351F622915004B2559 /* Assets.xcassets */ = {isa = PBXFileReference; lastKnownFileType = folder.assetcatalog; path = Assets.xcassets; sourceTree = "<group>"; };
		44406D381F622915004B2559 /* Base */ = {isa = PBXFileReference; lastKnownFileType = file.storyboard; name = Base; path = Base.lproj/LaunchScreen.storyboard; sourceTree = "<group>"; };
		44406D3A1F622915004B2559 /* Info.plist */ = {isa = PBXFileReference; lastKnownFileType = text.plist.xml; path = Info.plist; sourceTree = "<group>"; };
		44406D3F1F622915004B2559 /* InstagramCloneUITests.xctest */ = {isa = PBXFileReference; explicitFileType = wrapper.cfbundle; includeInIndex = 0; path = InstagramCloneUITests.xctest; sourceTree = BUILT_PRODUCTS_DIR; };
		44406D431F622915004B2559 /* InstagramCloneUITests.swift */ = {isa = PBXFileReference; lastKnownFileType = sourcecode.swift; path = InstagramCloneUITests.swift; sourceTree = "<group>"; };
		44406D451F622915004B2559 /* Info.plist */ = {isa = PBXFileReference; lastKnownFileType = text.plist.xml; path = Info.plist; sourceTree = "<group>"; };
/* End PBXFileReference section */

/* Begin PBXFrameworksBuildPhase section */
		44406D281F622915004B2559 /* Frameworks */ = {
			isa = PBXFrameworksBuildPhase;
			buildActionMask = 2147483647;
			files = (
			);
			runOnlyForDeploymentPostprocessing = 0;
		};
		44406D3C1F622915004B2559 /* Frameworks */ = {
			isa = PBXFrameworksBuildPhase;
			buildActionMask = 2147483647;
			files = (
			);
			runOnlyForDeploymentPostprocessing = 0;
		};
/* End PBXFrameworksBuildPhase section */

/* Begin PBXGroup section */
		44406D221F622915004B2559 = {
			isa = PBXGroup;
			children = (
				44406D2D1F622915004B2559 /* InstagramClone */,
				44406D421F622915004B2559 /* InstagramCloneUITests */,
				44406D2C1F622915004B2559 /* Products */,
			);
			sourceTree = "<group>";
		};
		44406D2C1F622915004B2559 /* Products */ = {
			isa = PBXGroup;
			children = (
				44406D2B1F622915004B2559 /* InstagramClone.app */,
				44406D3F1F622915004B2559 /* InstagramCloneUITests.xctest */,
			);
			name = Products;
			sourceTree = "<group>";
		};
		44406D2D1F622915004B2559 /* InstagramClone */ = {
			isa = PBXGroup;
			children = (
				44406D2E1F622915004B2559 /* AppDelegate.swift */,
				44406D301F622915004B2559 /* ViewController.swift */,
				44406D321F622915004B2559 /* Main.storyboard */,
				44406D351F622915004B2559 /* Assets.xcassets */,
				44406D371F622915004B2559 /* LaunchScreen.storyboard */,
				44406D3A1F622915004B2559 /* Info.plist */,
			);
			path = InstagramClone;
			sourceTree = "<group>";
		};
		44406D421F622915004B2559 /* InstagramCloneUITests */ = {
			isa = PBXGroup;
			children = (
				44406D431F622915004B2559 /* InstagramCloneUITests.swift */,
				44406D451F622915004B2559 /* Info.plist */,
			);
			path = InstagramCloneUITests;
			sourceTree = "<group>";
		};
/* End PBXGroup section */

/* Begin PBXNativeTarget section */
		44406D2A1F622915004B2559 /* InstagramClone */ = {
			isa = PBXNativeTarget;
			buildConfigurationList = 44406D481F622915004B2559 /* Build configuration list for PBXNativeTarget "InstagramClone" */;
			buildPhases = (
				44406D271F622915004B2559 /* Sources */,
				44406D281F622915004B2559 /* Frameworks */,
				44406D291F622915004B2559 /* Resources */,
			);
			buildRules = (
			);
			dependencies = (
			);
			name = InstagramClone;
			productName = InstagramClone;
			productReference = 44406D2B1F622915004B2559 /* InstagramClone.app */;
			productType = "com.apple.product-type.application";
		};
		44406D3E1F622915004B2559 /* InstagramCloneUITests */ = {
			isa = PBXNativeTarget;
			buildConfigurationList = 44406D4B1F622915004B2559 /* Build configuration list for PBXNativeTarget "InstagramCloneUITests" */;
			buildPhases = (
				44406D3B1F622915004B2559 /* Sources */,
				44406D3C1F622915004B2559 /* Frameworks */,
				44406D3D1F622915004B2559 /* Resources */,
			);
			buildRules = (
			);
			dependencies = (
				44406D411F622915004B2559 /* PBXTargetDependency */,
			);
			name = InstagramCloneUITests;
			productName = InstagramCloneUITests;
			productReference = 44406D3F1F622915004B2559 /* InstagramCloneUITests.xctest */;
			productType = "com.apple.product-type.bundle.ui-testing";
		};
/* End PBXNativeTarget section */

/* Begin PBXProject section */
		44406D231F622915004B2559 /* Project object */ = {
			isa = PBXProject;
			attributes = {
				LastSwiftUpdateCheck = 0820;
				LastUpgradeCheck = 0820;
				ORGANIZATIONNAME = "AI Labs";
				TargetAttributes = {
					44406D2A1F622915004B2559 = {
						CreatedOnToolsVersion = 8.2.1;
						DevelopmentTeam = 5M9BB34F6M;
						ProvisioningStyle = Automatic;
					};
					44406D3E1F622915004B2559 = {
						CreatedOnToolsVersion = 8.2.1;
						DevelopmentTeam = 5M9BB34F6M;
						ProvisioningStyle = Automatic;
						TestTargetID = 44406D2A1F622915004B2559;
					};
				};
			};
			buildConfigurationList = 44406D261F622915004B2559 /* Build configuration list for PBXProject "InstagramClone" */;
			compatibilityVersion = "Xcode 3.2";
			developmentRegion = English;
			hasScannedForEncodings = 0;
			knownRegions = (
				en,
				Base,
			);
			mainGroup = 44406D221F622915004B2559;
			productRefGroup = 44406D2C1F622915004B2559 /* Products */;
			projectDirPath = "";
			projectRoot = "";
			targets = (
				44406D2A1F622915004B2559 /* InstagramClone */,
				44406D3E1F622915004B2559 /* InstagramCloneUITests */,
			);
		};
/* End PBXProject section */

/* Begin PBXResourcesBuildPhase section */
		44406D291F622915004B2559 /* Resources */ = {
			isa = PBXResourcesBuildPhase;
			buildActionMask = 2147483647;
			files = (
				44406D391F622915004B2559 /* LaunchScreen.storyboard in Resources */,
				44406D361F622915004B2559 /* Assets.xcassets in Resources */,
				44406D341F622915004B2559 /* Main.storyboard in Resources */,
			);
			runOnlyForDeploymentPostprocessing = 0;
		};
		44406D3D1F622915004B2559 /* Resources */ = {
			isa = PBXResourcesBuildPhase;
			buildActionMask = 2147483647;
			files = (
			);
			runOnlyForDeploymentPostprocessing = 0;
		};
/* End PBXResourcesBuildPhase section */

/* Begin PBXSourcesBuildPhase section */
		44406D271F622915004B2559 /* Sources */ = {
			isa = PBXSourcesBuildPhase;
			buildActionMask = 2147483647;
			files = (
				44406D311F622915004B2559 /* ViewController.swift in Sources */,
				44406D2F1F622915004B2559 /* AppDelegate.swift in Sources */,
			);
			runOnlyForDeploymentPostprocessing = 0;
		};
		44406D3B1F622915004B2559 /* Sources */ = {
			isa = PBXSourcesBuildPhase;
			buildActionMask = 2147483647;
			files = (
				44406D441F622915004B2559 /* InstagramCloneUITests.swift in Sources */,
			);
			runOnlyForDeploymentPostprocessing = 0;
		};
/* End PBXSourcesBuildPhase section */

/* Begin PBXTargetDependency section */
		44406D411F622915004B2559 /* PBXTargetDependency */ = {
			isa = PBXTargetDependency;
			target = 44406D2A1F622915004B2559 /* InstagramClone */;
			targetProxy = 44406D401F622915004B2559 /* PBXContainerItemProxy */;
		};
/* End PBXTargetDependency section */

/* Begin PBXVariantGroup section */
		44406D321F622915004B2559 /* Main.storyboard */ = {
			isa = PBXVariantGroup;
			children = (
				44406D331F622915004B2559 /* Base */,
			);
			name = Main.storyboard;
			sourceTree = "<group>";
		};
		44406D371F622915004B2559 /* LaunchScreen.storyboard */ = {
			isa = PBXVariantGroup;
			children = (
				44406D381F622915004B2559 /* Base */,
			);
			name = LaunchScreen.storyboard;
			sourceTree = "<group>";
		};
/* End PBXVariantGroup section */

/* Begin XCBuildConfiguration section */
		44406D461F622915004B2559 /* Debug */ = {
			isa = XCBuildConfiguration;
			buildSettings = {
				ALWAYS_SEARCH_USER_PATHS = NO;
				CLANG_ANALYZER_NONNULL = YES;
				CLANG_CXX_LANGUAGE_STANDARD = "gnu++0x";
				CLANG_CXX_LIBRARY = "libc++";
				CLANG_ENABLE_MODULES = YES;
				CLANG_ENABLE_OBJC_ARC = YES;
				CLANG_WARN_BOOL_CONVERSION = YES;
				CLANG_WARN_CONSTANT_CONVERSION = YES;
				CLANG_WARN_DIRECT_OBJC_ISA_USAGE = YES_ERROR;
				CLANG_WARN_DOCUMENTATION_COMMENTS = YES;
				CLANG_WARN_EMPTY_BODY = YES;
				CLANG_WARN_ENUM_CONVERSION = YES;
				CLANG_WARN_INFINITE_RECURSION = YES;
				CLANG_WARN_INT_CONVERSION = YES;
				CLANG_WARN_OBJC_ROOT_CLASS = YES_ERROR;
				CLANG_WARN_SUSPICIOUS_MOVE = YES;
				CLANG_WARN_UNREACHABLE_CODE = YES;
				CLANG_WARN__DUPLICATE_METHOD_MATCH = YES;
				"CODE_SIGN_IDENTITY[sdk=iphoneos*]" = "iPhone Developer";
				COPY_PHASE_STRIP = NO;
				DEBUG_INFORMATION_FORMAT = dwarf;
				ENABLE_STRICT_OBJC_MSGSEND = YES;
				ENABLE_TESTABILITY = YES;
				GCC_C_LANGUAGE_STANDARD = gnu99;
				GCC_DYNAMIC_NO_PIC = NO;
				GCC_NO_COMMON_BLOCKS = YES;
				GCC_OPTIMIZATION_LEVEL = 0;
				GCC_PREPROCESSOR_DEFINITIONS = (
					"DEBUG=1",
					"$(inherited)",
				);
				GCC_WARN_64_TO_32_BIT_CONVERSION = YES;
				GCC_WARN_ABOUT_RETURN_TYPE = YES_ERROR;
				GCC_WARN_UNDECLARED_SELECTOR = YES;
				GCC_WARN_UNINITIALIZED_AUTOS = YES_AGGRESSIVE;
				GCC_WARN_UNUSED_FUNCTION = YES;
				GCC_WARN_UNUSED_VARIABLE = YES;
				IPHONEOS_DEPLOYMENT_TARGET = 10.2;
				MTL_ENABLE_DEBUG_INFO = YES;
				ONLY_ACTIVE_ARCH = YES;
				SDKROOT = iphoneos;
				SWIFT_ACTIVE_COMPILATION_CONDITIONS = DEBUG;
				SWIFT_OPTIMIZATION_LEVEL = "-Onone";
				TARGETED_DEVICE_FAMILY = "1,2";
			};
			name = Debug;
		};
		44406D471F622915004B2559 /* Release */ = {
			isa = XCBuildConfiguration;
			buildSettings = {
				ALWAYS_SEARCH_USER_PATHS = NO;
				CLANG_ANALYZER_NONNULL = YES;
				CLANG_CXX_LANGUAGE_STANDARD = "gnu++0x";
				CLANG_CXX_LIBRARY = "libc++";
				CLANG_ENABLE_MODULES = YES;
				CLANG_ENABLE_OBJC_ARC = YES;
				CLANG_WARN_BOOL_CONVERSION = YES;
				CLANG_WARN_CONSTANT_CONVERSION = YES;
				CLANG_WARN_DIRECT_OBJC_ISA_USAGE = YES_ERROR;
				CLANG_WARN_DOCUMENTATION_COMMENTS = YES;
				CLANG_WARN_EMPTY_BODY = YES;
				CLANG_WARN_ENUM_CONVERSION = YES;
				CLANG_WARN_INFINITE_RECURSION = YES;
				CLANG_WARN_INT_CONVERSION = YES;
				CLANG_WARN_OBJC_ROOT_CLASS = YES_ERROR;
				CLANG_WARN_SUSPICIOUS_MOVE = YES;
				CLANG_WARN_UNREACHABLE_CODE = YES;
				CLANG_WARN__DUPLICATE_METHOD_MATCH = YES;
				"CODE_SIGN_IDENTITY[sdk=iphoneos*]" = "iPhone Developer";
				COPY_PHASE_STRIP = NO;
				DEBUG_INFORMATION_FORMAT = "dwarf-with-dsym";
				ENABLE_NS_ASSERTIONS = NO;
				ENABLE_STRICT_OBJC_MSGSEND = YES;
				GCC_C_LANGUAGE_STANDARD = gnu99;
				GCC_NO_COMMON_BLOCKS = YES;
				GCC_WARN_64_TO_32_BIT_CONVERSION = YES;
				GCC_WARN_ABOUT_RETURN_TYPE = YES_ERROR;
				GCC_WARN_UNDECLARED_SELECTOR = YES;
				GCC_WARN_UNINITIALIZED_AUTOS = YES_AGGRESSIVE;
				GCC_WARN_UNUSED_FUNCTION = YES;
				GCC_WARN_UNUSED_VARIABLE = YES;
				IPHONEOS_DEPLOYMENT_TARGET = 10.2;
				MTL_ENABLE_DEBUG_INFO = NO;
				SDKROOT = iphoneos;
				SWIFT_OPTIMIZATION_LEVEL = "-Owholemodule";
				TARGETED_DEVICE_FAMILY = "1,2";
				VALIDATE_PRODUCT = YES;
			};
			name = Release;
		};
		44406D491F622915004B2559 /* Debug */ = {
			isa = XCBuildConfiguration;
			buildSettings = {
				ASSETCATALOG_COMPILER_APPICON_NAME = AppIcon;
				DEVELOPMENT_TEAM = 5M9BB34F6M;
				INFOPLIST_FILE = InstagramClone/Info.plist;
				LD_RUNPATH_SEARCH_PATHS = "$(inherited) @executable_path/Frameworks";
				PRODUCT_BUNDLE_IDENTIFIER = creativemic.InstagramClone;
				PRODUCT_NAME = "$(TARGET_NAME)";
				SWIFT_VERSION = 3.0;
			};
			name = Debug;
		};
		44406D4A1F622915004B2559 /* Release */ = {
			isa = XCBuildConfiguration;
			buildSettings = {
				ASSETCATALOG_COMPILER_APPICON_NAME = AppIcon;
				DEVELOPMENT_TEAM = 5M9BB34F6M;
				INFOPLIST_FILE = InstagramClone/Info.plist;
				LD_RUNPATH_SEARCH_PATHS = "$(inherited) @executable_path/Frameworks";
				PRODUCT_BUNDLE_IDENTIFIER = creativemic.InstagramClone;
				PRODUCT_NAME = "$(TARGET_NAME)";
				SWIFT_VERSION = 3.0;
			};
			name = Release;
		};
		44406D4C1F622915004B2559 /* Debug */ = {
			isa = XCBuildConfiguration;
			buildSettings = {
				ALWAYS_EMBED_SWIFT_STANDARD_LIBRARIES = YES;
				DEVELOPMENT_TEAM = 5M9BB34F6M;
				INFOPLIST_FILE = InstagramCloneUITests/Info.plist;
				LD_RUNPATH_SEARCH_PATHS = "$(inherited) @executable_path/Frameworks @loader_path/Frameworks";
				PRODUCT_BUNDLE_IDENTIFIER = creativemic.InstagramCloneUITests;
				PRODUCT_NAME = "$(TARGET_NAME)";
				SWIFT_VERSION = 3.0;
				TEST_TARGET_NAME = InstagramClone;
			};
			name = Debug;
		};
		44406D4D1F622915004B2559 /* Release */ = {
			isa = XCBuildConfiguration;
			buildSettings = {
				ALWAYS_EMBED_SWIFT_STANDARD_LIBRARIES = YES;
				DEVELOPMENT_TEAM = 5M9BB34F6M;
				INFOPLIST_FILE = InstagramCloneUITests/Info.plist;
				LD_RUNPATH_SEARCH_PATHS = "$(inherited) @executable_path/Frameworks @loader_path/Frameworks";
				PRODUCT_BUNDLE_IDENTIFIER = creativemic.InstagramCloneUITests;
				PRODUCT_NAME = "$(TARGET_NAME)";
				SWIFT_VERSION = 3.0;
				TEST_TARGET_NAME = InstagramClone;
			};
			name = Release;
		};
/* End XCBuildConfiguration section */

/* Begin XCConfigurationList section */
		44406D261F622915004B2559 /* Build configuration list for PBXProject "InstagramClone" */ = {
			isa = XCConfigurationList;
			buildConfigurations = (
				44406D461F622915004B2559 /* Debug */,
				44406D471F622915004B2559 /* Release */,
			);
			defaultConfigurationIsVisible = 0;
			defaultConfigurationName = Release;
		};
		44406D481F622915004B2559 /* Build configuration list for PBXNativeTarget "InstagramClone" */ = {
			isa = XCConfigurationList;
			buildConfigurations = (
				44406D491F622915004B2559 /* Debug */,
				44406D4A1F622915004B2559 /* Release */,
			);
			defaultConfigurationIsVisible = 0;
		};
		44406D4B1F622915004B2559 /* Build configuration list for PBXNativeTarget "InstagramCloneUITests" */ = {
			isa = XCConfigurationList;
			buildConfigurations = (
				44406D4C1F622915004B2559 /* Debug */,
				44406D4D1F622915004B2559 /* Release */,
			);
			defaultConfigurationIsVisible = 0;
		};
/* End XCConfigurationList section */
	};
	rootObject = 44406D231F622915004B2559 /* Project object */;
}
